
Microsoft Visual Studio Solution File, Format Version 12.00
# Visual Studio Version 16
VisualStudioVersion = 16.0.31624.102
MinimumVisualStudioVersion = 10.0.40219.1
Project("{FAE04EC0-301F-11D3-BF4B-00C04F79EFBC}") = "CalculadoraIMC", "CalculadoraIMC\CalculadoraIMC.csproj", "{CEF050F4-D4BE-496F-9CCF-8FFA58A5A98F}"
EndProject
Global
	GlobalSection(SolutionConfigurationPlatforms) = preSolution
		Debug|Any CPU = Debug|Any CPU
		Release|Any CPU = Release|Any CPU
	EndGlobalSection
	GlobalSection(ProjectConfigurationPlatforms) = postSolution
		{CEF050F4-D4BE-496F-9CCF-8FFA58A5A98F}.Debug|Any CPU.ActiveCfg = Debug|Any CPU
		{CEF050F4-D4BE-496F-9CCF-8FFA58A5A98F}.Debug|Any CPU.Build.0 = Debug|Any CPU
		{CEF050F4-D4BE-496F-9CCF-8FFA58A5A98F}.Release|Any CPU.ActiveCfg = Release|Any CPU
		{CEF050F4-D4BE-496F-9CCF-8FFA58A5A98F}.Release|Any CPU.Build.0 = Release|Any CPU
	EndGlobalSection
	GlobalSection(SolutionProperties) = preSolution
		HideSolutionNode = FALSE
	EndGlobalSection
	GlobalSection(ExtensibilityGlobals) = postSolution
		SolutionGuid = {2CFBEE1C-235D-457B-A602-978A130A3AA1}
	EndGlobalSection
EndGlobal
